
Microsoft Visual Studio Solution File, Format Version 12.00
# Visual Studio 15
VisualStudioVersion = 15.0.27703.2042
MinimumVisualStudioVersion = 10.0.40219.1
Project("{FAE04EC0-301F-11D3-BF4B-00C04F79EFBC}") = "brandonMiranda_17610437", "brandonMiranda_17610437\brandonMiranda_17610437.csproj", "{013DD6AB-D5C4-4C41-92D4-C8BFB60ACFEE}"
EndProject
Global
	GlobalSection(SolutionConfigurationPlatforms) = preSolution
		Debug|Any CPU = Debug|Any CPU
		Release|Any CPU = Release|Any CPU
	EndGlobalSection
	GlobalSection(ProjectConfigurationPlatforms) = postSolution
		{013DD6AB-D5C4-4C41-92D4-C8BFB60ACFEE}.Debug|Any CPU.ActiveCfg = Debug|Any CPU
		{013DD6AB-D5C4-4C41-92D4-C8BFB60ACFEE}.Debug|Any CPU.Build.0 = Debug|Any CPU
		{013DD6AB-D5C4-4C41-92D4-C8BFB60ACFEE}.Release|Any CPU.ActiveCfg = Release|Any CPU
		{013DD6AB-D5C4-4C41-92D4-C8BFB60ACFEE}.Release|Any CPU.Build.0 = Release|Any CPU
	EndGlobalSection
	GlobalSection(SolutionProperties) = preSolution
		HideSolutionNode = FALSE
	EndGlobalSection
	GlobalSection(ExtensibilityGlobals) = postSolution
		SolutionGuid = {FAE0D26E-FC61-4AF5-95BE-ADF3E81CCC87}
	EndGlobalSection
EndGlobal
